
Microsoft Visual Studio Solution File, Format Version 12.00
# Visual Studio Version 17
VisualStudioVersion = 17.10.34928.147
MinimumVisualStudioVersion = 10.0.40219.1
Project("{8BC9CEB8-8B4A-11D0-8D11-00A0C91BC942}") = "05_08_const修饰成员函数", "05_08_const修饰成员函数\05_08_const修饰成员函数.vcxproj", "{48226FAA-0830-4891-AF8B-C047F2C66B62}"
EndProject
Global
	GlobalSection(SolutionConfigurationPlatforms) = preSolution
		Debug|x64 = Debug|x64
		Debug|x86 = Debug|x86
		Release|x64 = Release|x64
		Release|x86 = Release|x86
	EndGlobalSection
	GlobalSection(ProjectConfigurationPlatforms) = postSolution
		{48226FAA-0830-4891-AF8B-C047F2C66B62}.Debug|x64.ActiveCfg = Debug|x64
		{48226FAA-0830-4891-AF8B-C047F2C66B62}.Debug|x64.Build.0 = Debug|x64
		{48226FAA-0830-4891-AF8B-C047F2C66B62}.Debug|x86.ActiveCfg = Debug|Win32
		{48226FAA-0830-4891-AF8B-C047F2C66B62}.Debug|x86.Build.0 = Debug|Win32
		{48226FAA-0830-4891-AF8B-C047F2C66B62}.Release|x64.ActiveCfg = Release|x64
		{48226FAA-0830-4891-AF8B-C047F2C66B62}.Release|x64.Build.0 = Release|x64
		{48226FAA-0830-4891-AF8B-C047F2C66B62}.Release|x86.ActiveCfg = Release|Win32
		{48226FAA-0830-4891-AF8B-C047F2C66B62}.Release|x86.Build.0 = Release|Win32
	EndGlobalSection
	GlobalSection(SolutionProperties) = preSolution
		HideSolutionNode = FALSE
	EndGlobalSection
	GlobalSection(ExtensibilityGlobals) = postSolution
		SolutionGuid = {7986DE9B-C731-43D6-93AC-C1E0DA1AAC64}
	EndGlobalSection
EndGlobal
