
Microsoft Visual Studio Solution File, Format Version 12.00
# Visual Studio Version 17
VisualStudioVersion = 17.10.34928.147
MinimumVisualStudioVersion = 10.0.40219.1
Project("{8BC9CEB8-8B4A-11D0-8D11-00A0C91BC942}") = "05_07_this指针", "05_07_this指针\05_07_this指针.vcxproj", "{53C7B07F-782F-4106-91A0-9845416D5B0A}"
EndProject
Global
	GlobalSection(SolutionConfigurationPlatforms) = preSolution
		Debug|x64 = Debug|x64
		Debug|x86 = Debug|x86
		Release|x64 = Release|x64
		Release|x86 = Release|x86
	EndGlobalSection
	GlobalSection(ProjectConfigurationPlatforms) = postSolution
		{53C7B07F-782F-4106-91A0-9845416D5B0A}.Debug|x64.ActiveCfg = Debug|x64
		{53C7B07F-782F-4106-91A0-9845416D5B0A}.Debug|x64.Build.0 = Debug|x64
		{53C7B07F-782F-4106-91A0-9845416D5B0A}.Debug|x86.ActiveCfg = Debug|Win32
		{53C7B07F-782F-4106-91A0-9845416D5B0A}.Debug|x86.Build.0 = Debug|Win32
		{53C7B07F-782F-4106-91A0-9845416D5B0A}.Release|x64.ActiveCfg = Release|x64
		{53C7B07F-782F-4106-91A0-9845416D5B0A}.Release|x64.Build.0 = Release|x64
		{53C7B07F-782F-4106-91A0-9845416D5B0A}.Release|x86.ActiveCfg = Release|Win32
		{53C7B07F-782F-4106-91A0-9845416D5B0A}.Release|x86.Build.0 = Release|Win32
	EndGlobalSection
	GlobalSection(SolutionProperties) = preSolution
		HideSolutionNode = FALSE
	EndGlobalSection
	GlobalSection(ExtensibilityGlobals) = postSolution
		SolutionGuid = {97200D16-88C2-4DFB-BAA1-F04B6F7C6372}
	EndGlobalSection
EndGlobal
