
Microsoft Visual Studio Solution File, Format Version 12.00
# Visual Studio Version 17
VisualStudioVersion = 17.10.34928.147
MinimumVisualStudioVersion = 10.0.40219.1
Project("{8BC9CEB8-8B4A-11D0-8D11-00A0C91BC942}") = "08_03_构造和析构顺序", "08_03_构造和析构顺序\08_03_构造和析构顺序.vcxproj", "{C3FEC3AD-053D-4C2F-ABD0-3B88958ADB5C}"
EndProject
Global
	GlobalSection(SolutionConfigurationPlatforms) = preSolution
		Debug|x64 = Debug|x64
		Debug|x86 = Debug|x86
		Release|x64 = Release|x64
		Release|x86 = Release|x86
	EndGlobalSection
	GlobalSection(ProjectConfigurationPlatforms) = postSolution
		{C3FEC3AD-053D-4C2F-ABD0-3B88958ADB5C}.Debug|x64.ActiveCfg = Debug|x64
		{C3FEC3AD-053D-4C2F-ABD0-3B88958ADB5C}.Debug|x64.Build.0 = Debug|x64
		{C3FEC3AD-053D-4C2F-ABD0-3B88958ADB5C}.Debug|x86.ActiveCfg = Debug|Win32
		{C3FEC3AD-053D-4C2F-ABD0-3B88958ADB5C}.Debug|x86.Build.0 = Debug|Win32
		{C3FEC3AD-053D-4C2F-ABD0-3B88958ADB5C}.Release|x64.ActiveCfg = Release|x64
		{C3FEC3AD-053D-4C2F-ABD0-3B88958ADB5C}.Release|x64.Build.0 = Release|x64
		{C3FEC3AD-053D-4C2F-ABD0-3B88958ADB5C}.Release|x86.ActiveCfg = Release|Win32
		{C3FEC3AD-053D-4C2F-ABD0-3B88958ADB5C}.Release|x86.Build.0 = Release|Win32
	EndGlobalSection
	GlobalSection(SolutionProperties) = preSolution
		HideSolutionNode = FALSE
	EndGlobalSection
	GlobalSection(ExtensibilityGlobals) = postSolution
		SolutionGuid = {74680E8C-3661-4025-B51E-A06EC45CC9A3}
	EndGlobalSection
EndGlobal
